{
  "name": "smswallet",
  "version": "0.0.0",
  "lockfileVersion": 1,
  "requires": true,
  "dependencies": {
    "@types/eventsource": {
      "version": "1.1.5",
      "resolved": "https://registry.npmjs.org/@types/eventsource/-/eventsource-1.1.5.tgz",
      "integrity": "sha512-BA9q9uC2PAMkUS7DunHTxWZZaVpeNzDG8lkBxcKwzKJClfDQ4Z59/Csx7HSH/SIqFN2JWh0tAKAM6k/wRR0OZg=="
    },
    "@types/node": {
      "version": "15.14.0",
      "resolved": "https://registry.npmjs.org/@types/node/-/node-15.14.0.tgz",
      "integrity": "sha512-um/+/ip3QZmwLfIkWZSNtQIJNVAqrJ92OkLMeuZrjZMTAJniI7fh8N8OICyDhAJ2mzgk/fmYFo72jRr5HyZ1EQ=="
    },
    "@types/randombytes": {
      "version": "2.0.0",
      "resolved": "https://registry.npmjs.org/@types/randombytes/-/randombytes-2.0.0.tgz",
      "integrity": "sha512-bz8PhAVlwN72vqefzxa14DKNT8jK/mV66CSjwdVQM/k3Th3EPKfUtdMniwZgMedQTFuywAsfjnZsg+pEnltaMA==",
      "requires": {
        "@types/node": "*"
      }
    },
    "@types/urijs": {
      "version": "1.19.16",
      "resolved": "https://registry.npmjs.org/@types/urijs/-/urijs-1.19.16.tgz",
      "integrity": "sha512-WgxqcUSEYijGnNWHSln/uqay+AywS3mEhLC+d2PwLsru2fLeMblvxP67Y/SCfB2Pxe+dX/zbIoNNzXY+VKOtNA=="
    },
    "base32.js": {
      "version": "0.1.0",
      "resolved": "https://registry.npmjs.org/base32.js/-/base32.js-0.1.0.tgz",
      "integrity": "sha1-tYLexpPC8R6JPPBk7mrFthMaIgI="
    },
    "bignumber.js": {
      "version": "4.1.0",
      "resolved": "https://registry.npmjs.org/bignumber.js/-/bignumber.js-4.1.0.tgz",
      "integrity": "sha512-eJzYkFYy9L4JzXsbymsFn3p54D+llV27oTQ+ziJG7WFRheJcNZilgVXMG0LoZtlQSKBsJdWtLFqOD0u+U0jZKA=="
    },
    "crc": {
      "version": "3.5.0",
      "resolved": "https://registry.npmjs.org/crc/-/crc-3.5.0.tgz",
      "integrity": "sha1-mLi6fUiWZbo5efWbITgTdBAaGWQ="
    },
    "cryptr": {
      "version": "2.0.0",
      "resolved": "https://registry.npmjs.org/cryptr/-/cryptr-2.0.0.tgz",
      "integrity": "sha1-rf9gAWL0orHZjE4hhdzdposKCnI="
    },
    "curl": {
      "version": "0.1.4",
      "resolved": "https://registry.npmjs.org/curl/-/curl-0.1.4.tgz",
      "integrity": "sha1-xPX744swOaa1VbzC+ISjsDNCfiM="
    },
    "detect-node": {
      "version": "2.1.0",
      "resolved": "https://registry.npmjs.org/detect-node/-/detect-node-2.1.0.tgz",
      "integrity": "sha512-T0NIuQpnTvFDATNuHN5roPwSBG83rFsuO+MXXH9/3N1eFbn4wcPjttvjMLEPWJ0RGUYgQE7cGgS3tNxbqCGM7g=="
    },
    "ini": {
      "version": "1.3.8",
      "resolved": "https://registry.npmjs.org/ini/-/ini-1.3.8.tgz",
      "integrity": "sha512-JV/yugV2uzW5iMRSiZAyDtQd+nxtUnjeLt0acNdw98kKLrvuRVyB80tsREOE7yvGVgalhZ6RNXCmEHkUKBKxew==",
      "optional": true
    },
    "lib": {
      "version": "3.0.1",
      "resolved": "https://registry.npmjs.org/lib/-/lib-3.0.1.tgz",
      "integrity": "sha1-Ol87GcSdQSOh8rjBZZ3DrNmRHDk="
    },
    "long": {
      "version": "2.4.0",
      "resolved": "https://registry.npmjs.org/long/-/long-2.4.0.tgz",
      "integrity": "sha1-n6GAux2VAM3CnEFWdmoZleH0Uk8="
    },
    "mongodb": {
      "version": "3.0.1",
      "resolved": "https://registry.npmjs.org/mongodb/-/mongodb-3.0.1.tgz",
      "integrity": "sha1-J47oAGJX7CJ5hZSmJZVGgl1t4bI="
    },
    "mongoose": {
      "version": "4.13.9",
      "resolved": "https://registry.npmjs.org/mongoose/-/mongoose-4.13.9.tgz",
      "integrity": "sha512-UGkSJR5iYHfHGlAyNNJS/mX5HoukDssQoy2pyJTpdyOXnxSw1ujYvMlxEuiIOQEWH2oZSAmHfjH+/igxG1MXLQ==",
      "dependencies": {
        "mongodb": {
          "version": "2.2.34",
          "resolved": "https://registry.npmjs.org/mongodb/-/mongodb-2.2.34.tgz",
          "integrity": "sha1-o09Zu+thdUrsQy3nLD/iFSakTBo="
        },
        "mongodb-core": {
          "version": "2.1.18",
          "resolved": "https://registry.npmjs.org/mongodb-core/-/mongodb-core-2.1.18.tgz",
          "integrity": "sha1-TEYTm986HwMt7ZHbSfOO7AFlkFA="
        },
        "ms": {
          "version": "2.0.0",
          "resolved": "https://registry.npmjs.org/ms/-/ms-2.0.0.tgz",
          "integrity": "sha1-VgiurfwAvmwpAd9fmGF4jeDVl8g="
        }
      }
    },
    "node-gyp-build": {
      "version": "4.2.3",
      "resolved": "https://registry.npmjs.org/node-gyp-build/-/node-gyp-build-4.2.3.tgz",
      "integrity": "sha512-MN6ZpzmfNCRM+3t57PTJHgHyw/h4OWnZ6mR8P5j/uZtqQr46RRuDE/P+g3n0YR/AiYXeWixZZzaip77gdICfRg==",
      "optional": true
    },
    "original": {
      "version": "1.0.0",
      "resolved": "https://registry.npmjs.org/original/-/original-1.0.0.tgz",
      "integrity": "sha1-kUf5P6FpbQS+YeAb1QuurKZWvTs="
    },
    "randombytes": {
      "version": "2.1.0",
      "resolved": "https://registry.npmjs.org/randombytes/-/randombytes-2.1.0.tgz",
      "integrity": "sha512-vYl3iOX+4CKUWuxGi9Ukhie6fsqXqS9FE2Zaic4tNFD2N2QQaXOMFbuKK4QmDHC0JO6B1Zp41J0LpT0oR68amQ==",
      "requires": {
        "safe-buffer": "^5.1.0"
      }
    },
    "request": {
      "version": "2.83.0",
      "resolved": "https://registry.npmjs.org/request/-/request-2.83.0.tgz",
      "integrity": "sha512-lR3gD69osqm6EYLk9wB/G1W/laGWjzH90t1vEa2xuxHD5KUrSzp9pUSfTm+YC5Nxt2T8nMPEvKlhbQayU7bgFw=="
    },
    "safe-buffer": {
      "version": "5.1.1",
      "resolved": "https://registry.npmjs.org/safe-buffer/-/safe-buffer-5.1.1.tgz",
      "integrity": "sha512-kKvNJn6Mm93gAczWVJg7wH+wGYWNrDHdWvpUmHyEsgCtIwwo3bqPtV4tR5tuPaUhTOo/kvhVwd8XwwOllGYkbg=="
    },
    "sha.js": {
      "version": "2.4.9",
      "resolved": "https://registry.npmjs.org/sha.js/-/sha.js-2.4.9.tgz",
      "integrity": "sha512-G8zektVqbiPHrylgew9Zg1VRB1L/DtXNUVAM6q4QLy8NE3qtHlFXTf8VLL4k1Yl6c7NMjtZUTdXV+X44nFaT6A=="
    },
    "sodium-native": {
      "version": "2.4.9",
      "resolved": "https://registry.npmjs.org/sodium-native/-/sodium-native-2.4.9.tgz",
      "integrity": "sha512-mbkiyA2clyfwAyOFIzMvsV6ny2KrKEIhFVASJxWfsmgfUEymgLIS2MLHHcGIQMkrcKhPErRaMR5Dzv0EEn+BWg==",
      "optional": true,
      "requires": {
        "ini": "^1.3.5",
        "nan": "^2.14.0",
        "node-gyp-build": "^4.1.0"
      },
      "dependencies": {
        "nan": {
          "version": "2.14.2",
          "resolved": "https://registry.npmjs.org/nan/-/nan-2.14.2.tgz",
          "integrity": "sha512-M2ufzIiINKCuDfBSAUr1vWQ+vuVcA9kqx8JJUsbQi6yf1uGRyb7HfpdfUr5qLXf3B/t8dPvcjhKMmlfnP47EzQ==",
          "optional": true
        }
      }
    },
    "stellar-base": {
      "version": "0.7.6",
      "resolved": "https://registry.npmjs.org/stellar-base/-/stellar-base-0.7.6.tgz",
      "integrity": "sha512-4362PRJR/JveBt5Wdyvw/wAHxseaJjoQ7cQCnIEruZpwPDyZgHL0XoRS6iiJY8L+TJqNxeCgTei0qN5YAGbvnQ==",
      "dependencies": {
        "lodash": {
          "version": "4.17.4",
          "resolved": "https://registry.npmjs.org/lodash/-/lodash-4.17.4.tgz",
          "integrity": "sha1-eCA6TRwyiuHYbcpkYONptX9AVa4="
        }
      }
    },
    "stellar-sdk": {
      "version": "8.2.3",
      "resolved": "https://registry.npmjs.org/stellar-sdk/-/stellar-sdk-8.2.3.tgz",
      "integrity": "sha512-RlrR6DD+706vgA1iVDXteU/x3bdqFDthf+4M3C19D/owmF0GCR/FoRQpnPqqRJ0C/rbbdZ6YjAyKO6Q0GSbDWw==",
      "requires": {
        "@types/eventsource": "^1.1.2",
        "@types/node": ">= 8",
        "@types/randombytes": "^2.0.0",
        "@types/urijs": "^1.19.6",
        "axios": "0.21.1",
        "bignumber.js": "^4.0.0",
        "detect-node": "^2.0.4",
        "es6-promise": "^4.2.4",
        "eventsource": "^1.0.7",
        "lodash": "^4.17.11",
        "randombytes": "^2.1.0",
        "stellar-base": "^5.2.1",
        "toml": "^2.3.0",
        "tslib": "^1.10.0",
        "urijs": "^1.19.1",
        "utility-types": "^3.7.0"
      },
      "dependencies": {
        "axios": {
          "version": "0.21.1",
          "resolved": "https://registry.npmjs.org/axios/-/axios-0.21.1.tgz",
          "integrity": "sha512-dKQiRHxGD9PPRIUNIWvZhPTPpl1rf/OxTYKsqKUDjBwYylTvV7SjSHJb9ratfyzM6wCdLCOYLzs73qpg5c4iGA==",
          "requires": {
            "follow-redirects": "^1.10.0"
          }
        },
        "es6-promise": {
          "version": "4.2.8",
          "resolved": "https://registry.npmjs.org/es6-promise/-/es6-promise-4.2.8.tgz",
          "integrity": "sha512-HJDGx5daxeIvxdBxvG2cb9g4tEvwIk3i8+nhX0yGrYmZUzbkdg8QbDevheDB8gd0//uPj4c1EQua8Q+MViT0/w=="
        },
        "eventsource": {
          "version": "1.1.0",
          "resolved": "https://registry.npmjs.org/eventsource/-/eventsource-1.1.0.tgz",
          "integrity": "sha512-VSJjT5oCNrFvCS6igjzPAt5hBzQ2qPBFIbJ03zLI9SE0mxwZpMw6BfJrbFHm1a141AavMEB8JHmBhWAd66PfCg==",
          "requires": {
            "original": "^1.0.0"
          }
        },
        "follow-redirects": {
          "version": "1.14.1",
          "resolved": "https://registry.npmjs.org/follow-redirects/-/follow-redirects-1.14.1.tgz",
          "integrity": "sha512-HWqDgT7ZEkqRzBvc2s64vSZ/hfOceEol3ac/7tKwzuvEyWx3/4UegXh5oBOIotkGsObyk3xznnSRVADBgWSQVg=="
        },
        "js-xdr": {
          "version": "1.3.0",
          "resolved": "https://registry.npmjs.org/js-xdr/-/js-xdr-1.3.0.tgz",
          "integrity": "sha512-fjLTm2uBtFvWsE3l2J14VjTuuB8vJfeTtYuNS7LiLHDWIX2kt0l1pqq9334F8kODUkKPMuULjEcbGbkFFwhx5g==",
          "requires": {
            "lodash": "^4.17.5",
            "long": "^2.2.3"
          }
        },
        "lodash": {
          "version": "4.17.21",
          "resolved": "https://registry.npmjs.org/lodash/-/lodash-4.17.21.tgz",
          "integrity": "sha512-v2kDEe57lecTulaDIuNTPy3Ry4gLGJ6Z1O3vE1krgXZNrsQ+LFTGHVxVjcXPs17LhbZVGedAJv8XZ1tvj5FvSg=="
        },
        "stellar-base": {
          "version": "5.3.0",
          "resolved": "https://registry.npmjs.org/stellar-base/-/stellar-base-5.3.0.tgz",
          "integrity": "sha512-8LCOX/D/Zp5DBhcTwXQSh9v25sHivkCJc+FSPncqhvMYgvQQg8w+2kj9hCFg1SAxkLJOjSpfzObrUaTl+CFFjw==",
          "requires": {
            "base32.js": "^0.1.0",
            "bignumber.js": "^4.0.0",
            "crc": "^3.5.0",
            "js-xdr": "^1.1.3",
            "lodash": "^4.17.11",
            "sha.js": "^2.3.6",
            "sodium-native": "^2.3.0",
            "tweetnacl": "^1.0.0"
          }
        },
        "tweetnacl": {
          "version": "1.0.3",
          "resolved": "https://registry.npmjs.org/tweetnacl/-/tweetnacl-1.0.3.tgz",
          "integrity": "sha512-6rt+RN7aOi1nGMyC4Xa5DdYiukl2UWCbcJft7YhxReBGQD7OAM8Pbxw6YMo4r2diNEA8FEmu32YOn9rhaiE5yw=="
        },
        "urijs": {
          "version": "1.19.6",
          "resolved": "https://registry.npmjs.org/urijs/-/urijs-1.19.6.tgz",
          "integrity": "sha512-eSXsXZ2jLvGWeLYlQA3Gh36BcjF+0amo92+wHPyN1mdR8Nxf75fuEuYTd9c0a+m/vhCjRK0ESlE9YNLW+E1VEw=="
        }
      }
    },
    "toml": {
      "version": "2.3.3",
      "resolved": "https://registry.npmjs.org/toml/-/toml-2.3.3.tgz",
      "integrity": "sha512-O7L5hhSQHxuufWUdcTRPfuTh3phKfAZ/dqfxZFoxPCj2RYmpaSGLEIs016FCXItQwNr08yefUB5TSjzRYnajTA=="
    },
    "tslib": {
      "version": "1.14.1",
      "resolved": "https://registry.npmjs.org/tslib/-/tslib-1.14.1.tgz",
      "integrity": "sha512-Xni35NKzjgMrwevysHTCArtLDpPvye8zV/0E4EyYn43P7/7qvQwPh9BGkHewbMulVntbigmcT7rdX3BNo9wRJg=="
    },
    "twilio": {
      "version": "3.11.0",
      "resolved": "https://registry.npmjs.org/twilio/-/twilio-3.11.0.tgz",
      "integrity": "sha512-sbI91XITI3AQdKTHcMJ5q4bPWPPQvE+QWZ3C7ZQzT7dnVO1k9T2WaswuIiGtK7uG21jfLetV+BT9ZrGMmTSC7w=="
    },
    "utility-types": {
      "version": "3.10.0",
      "resolved": "https://registry.npmjs.org/utility-types/-/utility-types-3.10.0.tgz",
      "integrity": "sha512-O11mqxmi7wMKCo6HKFt5AhO4BwY3VV68YU07tgxfz8zJTIxr4BpsezN49Ffwy9j3ZpwwJp4fkRwjRzq3uWE6Rg=="
    }
  }
}
